<Solution>
    <Configurations>
        <BuildType Name="Debug" />
        <BuildType Name="Release" />
    </Configurations>
    <Folder Name="/Libraries/">
        <Project Path="SAIN.Preset.Shared/SAIN.Preset.Shared.csproj" />
        <Project Path="SAIN.ServerInterop/SAIN.ServerInterop.csproj" />
    </Folder>
    <Folder Name="/Solution Items/">
        <File Path=".editorconfig" />
    </Folder>
    <Project Path="SAIN/SAIN.csproj" />
    <Project Path="SAINServerMod/SAINServerMod.csproj" />
</Solution>
